
Microsoft Visual Studio Solution File, Format Version 12.00
Project("{FAE04EC0-301F-11D3-BF4B-00C04F79EFBC}") = "BulkyWeb", "BulkyWeb\BulkyWeb.csproj", "{C8C6F137-A9B4-4AD9-802A-EAAD4C14867F}"
EndProject
Global
	GlobalSection(SolutionConfigurationPlatforms) = preSolution
		Debug|Any CPU = Debug|Any CPU
		Release|Any CPU = Release|Any CPU
	EndGlobalSection
	GlobalSection(ProjectConfigurationPlatforms) = postSolution
		{C8C6F137-A9B4-4AD9-802A-EAAD4C14867F}.Debug|Any CPU.ActiveCfg = Debug|Any CPU
		{C8C6F137-A9B4-4AD9-802A-EAAD4C14867F}.Debug|Any CPU.Build.0 = Debug|Any CPU
		{C8C6F137-A9B4-4AD9-802A-EAAD4C14867F}.Release|Any CPU.ActiveCfg = Release|Any CPU
		{C8C6F137-A9B4-4AD9-802A-EAAD4C14867F}.Release|Any CPU.Build.0 = Release|Any CPU
	EndGlobalSection
EndGlobal
